// !$*UTF8*$!
{
	archiveVersion = 1;
	classes = {
	};
	objectVersion = 46;
	objects = {

/* Begin PBXBuildFile section */
		87A17C901AE114D300326E43 /* NSString+InflectorKit.h in Headers */ = {isa = PBXBuildFile; fileRef = 87A17C8C1AE114D300326E43 /* NSString+InflectorKit.h */; settings = {ATTRIBUTES = (Public, ); }; };
		87A17C911AE114D300326E43 /* NSString+InflectorKit.m in Sources */ = {isa = PBXBuildFile; fileRef = 87A17C8D1AE114D300326E43 /* NSString+InflectorKit.m */; };
		87A17C921AE114D300326E43 /* TTTStringInflector.h in Headers */ = {isa = PBXBuildFile; fileRef = 87A17C8E1AE114D300326E43 /* TTTStringInflector.h */; settings = {ATTRIBUTES = (Public, ); }; };
		87A17C931AE114D300326E43 /* TTTStringInflector.m in Sources */ = {isa = PBXBuildFile; fileRef = 87A17C8F1AE114D300326E43 /* TTTStringInflector.m */; };
		87A17C951AE114DF00326E43 /* InflectorKit.h in Headers */ = {isa = PBXBuildFile; fileRef = 87A17C941AE114DF00326E43 /* InflectorKit.h */; settings = {ATTRIBUTES = (Public, ); }; };
/* End PBXBuildFile section */

/* Begin PBXFileReference section */
		87A17C671AE113E500326E43 /* InflectorKit.framework */ = {isa = PBXFileReference; explicitFileType = wrapper.framework; includeInIndex = 0; path = InflectorKit.framework; sourceTree = BUILT_PRODUCTS_DIR; };
		87A17C8C1AE114D300326E43 /* NSString+InflectorKit.h */ = {isa = PBXFileReference; fileEncoding = 4; lastKnownFileType = sourcecode.c.h; path = "NSString+InflectorKit.h"; sourceTree = "<group>"; };
		87A17C8D1AE114D300326E43 /* NSString+InflectorKit.m */ = {isa = PBXFileReference; fileEncoding = 4; lastKnownFileType = sourcecode.c.objc; path = "NSString+InflectorKit.m"; sourceTree = "<group>"; };
		87A17C8E1AE114D300326E43 /* TTTStringInflector.h */ = {isa = PBXFileReference; fileEncoding = 4; lastKnownFileType = sourcecode.c.h; path = TTTStringInflector.h; sourceTree = "<group>"; };
		87A17C8F1AE114D300326E43 /* TTTStringInflector.m */ = {isa = PBXFileReference; fileEncoding = 4; lastKnownFileType = sourcecode.c.objc; path = TTTStringInflector.m; sourceTree = "<group>"; };
		87A17C941AE114DF00326E43 /* InflectorKit.h */ = {isa = PBXFileReference; fileEncoding = 4; lastKnownFileType = sourcecode.c.h; path = InflectorKit.h; sourceTree = "<group>"; };
		87A17C971AE114FD00326E43 /* Info.plist */ = {isa = PBXFileReference; fileEncoding = 4; lastKnownFileType = text.plist.xml; path = Info.plist; sourceTree = "<group>"; };
/* End PBXFileReference section */

/* Begin PBXFrameworksBuildPhase section */
		87A17C631AE113E500326E43 /* Frameworks */ = {
			isa = PBXFrameworksBuildPhase;
			buildActionMask = 2147483647;
			files = (
			);
			runOnlyForDeploymentPostprocessing = 0;
		};
/* End PBXFrameworksBuildPhase section */

/* Begin PBXGroup section */
		87A17C5D1AE113E500326E43 = {
			isa = PBXGroup;
			children = (
				87A17C8B1AE114D300326E43 /* InflectorKit */,
				87A17C961AE114F300326E43 /* Supporting Files */,
				87A17C681AE113E500326E43 /* Products */,
			);
			sourceTree = "<group>";
		};
		87A17C681AE113E500326E43 /* Products */ = {
			isa = PBXGroup;
			children = (
				87A17C671AE113E500326E43 /* InflectorKit.framework */,
			);
			name = Products;
			sourceTree = "<group>";
		};
		87A17C8B1AE114D300326E43 /* InflectorKit */ = {
			isa = PBXGroup;
			children = (
				87A17C941AE114DF00326E43 /* InflectorKit.h */,
				87A17C8C1AE114D300326E43 /* NSString+InflectorKit.h */,
				87A17C8D1AE114D300326E43 /* NSString+InflectorKit.m */,
				87A17C8E1AE114D300326E43 /* TTTStringInflector.h */,
				87A17C8F1AE114D300326E43 /* TTTStringInflector.m */,
			);
			path = InflectorKit;
			sourceTree = "<group>";
		};
		87A17C961AE114F300326E43 /* Supporting Files */ = {
			isa = PBXGroup;
			children = (
				87A17C971AE114FD00326E43 /* Info.plist */,
			);
			path = "Supporting Files";
			sourceTree = "<group>";
		};
/* End PBXGroup section */

/* Begin PBXHeadersBuildPhase section */
		87A17C641AE113E500326E43 /* Headers */ = {
			isa = PBXHeadersBuildPhase;
			buildActionMask = 2147483647;
			files = (
				87A17C951AE114DF00326E43 /* InflectorKit.h in Headers */,
				87A17C901AE114D300326E43 /* NSString+InflectorKit.h in Headers */,
				87A17C921AE114D300326E43 /* TTTStringInflector.h in Headers */,
			);
			runOnlyForDeploymentPostprocessing = 0;
		};
/* End PBXHeadersBuildPhase section */

/* Begin PBXNativeTarget section */
		87A17C661AE113E500326E43 /* InflectorKit */ = {
			isa = PBXNativeTarget;
			buildConfigurationList = 87A17C7D1AE113E500326E43 /* Build configuration list for PBXNativeTarget "InflectorKit" */;
			buildPhases = (
				87A17C621AE113E500326E43 /* Sources */,
				87A17C631AE113E500326E43 /* Frameworks */,
				87A17C641AE113E500326E43 /* Headers */,
				87A17C651AE113E500326E43 /* Resources */,
			);
			buildRules = (
			);
			dependencies = (
			);
			name = InflectorKit;
			productName = InflectorKit;
			productReference = 87A17C671AE113E500326E43 /* InflectorKit.framework */;
			productType = "com.apple.product-type.framework";
		};
/* End PBXNativeTarget section */

/* Begin PBXProject section */
		87A17C5E1AE113E500326E43 /* Project object */ = {
			isa = PBXProject;
			attributes = {
				LastUpgradeCheck = 0630;
				ORGANIZATIONNAME = "Mattt Thompson";
				TargetAttributes = {
					87A17C661AE113E500326E43 = {
						CreatedOnToolsVersion = 6.3;
					};
				};
			};
			buildConfigurationList = 87A17C611AE113E500326E43 /* Build configuration list for PBXProject "InflectorKit" */;
			compatibilityVersion = "Xcode 3.2";
			developmentRegion = English;
			hasScannedForEncodings = 0;
			knownRegions = (
				en,
			);
			mainGroup = 87A17C5D1AE113E500326E43;
			productRefGroup = 87A17C681AE113E500326E43 /* Products */;
			projectDirPath = "";
			projectRoot = "";
			targets = (
				87A17C661AE113E500326E43 /* InflectorKit */,
			);
		};
/* End PBXProject section */

/* Begin PBXResourcesBuildPhase section */
		87A17C651AE113E500326E43 /* Resources */ = {
			isa = PBXResourcesBuildPhase;
			buildActionMask = 2147483647;
			files = (
			);
			runOnlyForDeploymentPostprocessing = 0;
		};
/* End PBXResourcesBuildPhase section */

/* Begin PBXSourcesBuildPhase section */
		87A17C621AE113E500326E43 /* Sources */ = {
			isa = PBXSourcesBuildPhase;
			buildActionMask = 2147483647;
			files = (
				87A17C931AE114D300326E43 /* TTTStringInflector.m in Sources */,
				87A17C911AE114D300326E43 /* NSString+InflectorKit.m in Sources */,
			);
			runOnlyForDeploymentPostprocessing = 0;
		};
/* End PBXSourcesBuildPhase section */

/* Begin XCBuildConfiguration section */
		87A17C7B1AE113E500326E43 /* Debug */ = {
			isa = XCBuildConfiguration;
			buildSettings = {
				ALWAYS_SEARCH_USER_PATHS = NO;
				CLANG_ENABLE_MODULES = YES;
				CLANG_ENABLE_OBJC_ARC = YES;
				CLANG_WARN_BOOL_CONVERSION = YES;
				CLANG_WARN_CONSTANT_CONVERSION = YES;
				CLANG_WARN_DIRECT_OBJC_ISA_USAGE = YES_ERROR;
				CLANG_WARN_EMPTY_BODY = YES;
				CLANG_WARN_ENUM_CONVERSION = YES;
				CLANG_WARN_INT_CONVERSION = YES;
				CLANG_WARN_OBJC_ROOT_CLASS = YES_ERROR;
				CLANG_WARN_UNREACHABLE_CODE = YES;
				CLANG_WARN__DUPLICATE_METHOD_MATCH = YES;
				"CODE_SIGN_IDENTITY[sdk=iphoneos*]" = "iPhone Developer";
				COPY_PHASE_STRIP = NO;
				CURRENT_PROJECT_VERSION = 1;
				DEBUG_INFORMATION_FORMAT = "dwarf-with-dsym";
				ENABLE_STRICT_OBJC_MSGSEND = YES;
				GCC_C_LANGUAGE_STANDARD = gnu99;
				GCC_DYNAMIC_NO_PIC = NO;
				GCC_NO_COMMON_BLOCKS = YES;
				GCC_OPTIMIZATION_LEVEL = 0;
				GCC_PREPROCESSOR_DEFINITIONS = (
					"DEBUG=1",
					"$(inherited)",
				);
				GCC_SYMBOLS_PRIVATE_EXTERN = NO;
				GCC_WARN_64_TO_32_BIT_CONVERSION = YES;
				GCC_WARN_ABOUT_RETURN_TYPE = YES_ERROR;
				GCC_WARN_UNDECLARED_SELECTOR = YES;
				GCC_WARN_UNINITIALIZED_AUTOS = YES_AGGRESSIVE;
				GCC_WARN_UNUSED_FUNCTION = YES;
				GCC_WARN_UNUSED_VARIABLE = YES;
				IPHONEOS_DEPLOYMENT_TARGET = 8.0;
				MTL_ENABLE_DEBUG_INFO = YES;
				ONLY_ACTIVE_ARCH = YES;
				SDKROOT = iphoneos;
				TARGETED_DEVICE_FAMILY = "1,2";
				VERSIONING_SYSTEM = "apple-generic";
				VERSION_INFO_PREFIX = "";
			};
			name = Debug;
		};
		87A17C7C1AE113E500326E43 /* Release */ = {
			isa = XCBuildConfiguration;
			buildSettings = {
				ALWAYS_SEARCH_USER_PATHS = NO;
				CLANG_ENABLE_MODULES = YES;
				CLANG_ENABLE_OBJC_ARC = YES;
				CLANG_WARN_BOOL_CONVERSION = YES;
				CLANG_WARN_CONSTANT_CONVERSION = YES;
				CLANG_WARN_DIRECT_OBJC_ISA_USAGE = YES_ERROR;
				CLANG_WARN_EMPTY_BODY = YES;
				CLANG_WARN_ENUM_CONVERSION = YES;
				CLANG_WARN_INT_CONVERSION = YES;
				CLANG_WARN_OBJC_ROOT_CLASS = YES_ERROR;
				CLANG_WARN_UNREACHABLE_CODE = YES;
				CLANG_WARN__DUPLICATE_METHOD_MATCH = YES;
				"CODE_SIGN_IDENTITY[sdk=iphoneos*]" = "iPhone Developer";
				COPY_PHASE_STRIP = NO;
				CURRENT_PROJECT_VERSION = 1;
				DEBUG_INFORMATION_FORMAT = "dwarf-with-dsym";
				ENABLE_NS_ASSERTIONS = NO;
				ENABLE_STRICT_OBJC_MSGSEND = YES;
				GCC_C_LANGUAGE_STANDARD = gnu99;
				GCC_NO_COMMON_BLOCKS = YES;
				GCC_WARN_64_TO_32_BIT_CONVERSION = YES;
				GCC_WARN_ABOUT_RETURN_TYPE = YES_ERROR;
				GCC_WARN_UNDECLARED_SELECTOR = YES;
				GCC_WARN_UNINITIALIZED_AUTOS = YES_AGGRESSIVE;
				GCC_WARN_UNUSED_FUNCTION = YES;
				GCC_WARN_UNUSED_VARIABLE = YES;
				IPHONEOS_DEPLOYMENT_TARGET = 8.0;
				MTL_ENABLE_DEBUG_INFO = NO;
				SDKROOT = iphoneos;
				TARGETED_DEVICE_FAMILY = "1,2";
				VALIDATE_PRODUCT = YES;
				VERSIONING_SYSTEM = "apple-generic";
				VERSION_INFO_PREFIX = "";
			};
			name = Release;
		};
		87A17C7E1AE113E500326E43 /* Debug */ = {
			isa = XCBuildConfiguration;
			buildSettings = {
				DEFINES_MODULE = YES;
				DYLIB_COMPATIBILITY_VERSION = 1;
				DYLIB_CURRENT_VERSION = 1;
				DYLIB_INSTALL_NAME_BASE = "@rpath";
				INFOPLIST_FILE = "Supporting Files/Info.plist";
				INSTALL_PATH = "$(LOCAL_LIBRARY_DIR)/Frameworks";
				IPHONEOS_DEPLOYMENT_TARGET = 8.0;
				LD_RUNPATH_SEARCH_PATHS = "$(inherited) @executable_path/Frameworks @loader_path/Frameworks";
				PRODUCT_NAME = "$(TARGET_NAME)";
				SKIP_INSTALL = YES;
			};
			name = Debug;
		};
		87A17C7F1AE113E500326E43 /* Release */ = {
			isa = XCBuildConfiguration;
			buildSettings = {
				DEFINES_MODULE = YES;
				DYLIB_COMPATIBILITY_VERSION = 1;
				DYLIB_CURRENT_VERSION = 1;
				DYLIB_INSTALL_NAME_BASE = "@rpath";
				INFOPLIST_FILE = "Supporting Files/Info.plist";
				INSTALL_PATH = "$(LOCAL_LIBRARY_DIR)/Frameworks";
				IPHONEOS_DEPLOYMENT_TARGET = 8.0;
				LD_RUNPATH_SEARCH_PATHS = "$(inherited) @executable_path/Frameworks @loader_path/Frameworks";
				PRODUCT_NAME = "$(TARGET_NAME)";
				SKIP_INSTALL = YES;
			};
			name = Release;
		};
/* End XCBuildConfiguration section */

/* Begin XCConfigurationList section */
		87A17C611AE113E500326E43 /* Build configuration list for PBXProject "InflectorKit" */ = {
			isa = XCConfigurationList;
			buildConfigurations = (
				87A17C7B1AE113E500326E43 /* Debug */,
				87A17C7C1AE113E500326E43 /* Release */,
			);
			defaultConfigurationIsVisible = 0;
			defaultConfigurationName = Release;
		};
		87A17C7D1AE113E500326E43 /* Build configuration list for PBXNativeTarget "InflectorKit" */ = {
			isa = XCConfigurationList;
			buildConfigurations = (
				87A17C7E1AE113E500326E43 /* Debug */,
				87A17C7F1AE113E500326E43 /* Release */,
			);
			defaultConfigurationIsVisible = 0;
			defaultConfigurationName = Release;
		};
/* End XCConfigurationList section */
	};
	rootObject = 87A17C5E1AE113E500326E43 /* Project object */;
}
